
Microsoft Visual Studio Solution File, Format Version 12.00
# Visual Studio 15
VisualStudioVersion = 15.0.28307.572
MinimumVisualStudioVersion = 10.0.40219.1
Project("{FAE04EC0-301F-11D3-BF4B-00C04F79EFBC}") = "PauseTokenSource", "PauseTokenSource\PauseTokenSource.csproj", "{ED9FE12C-16E7-4C64-85D5-3E2F1483AFFB}"
EndProject
Global
	GlobalSection(SolutionConfigurationPlatforms) = preSolution
		Debug|Any CPU = Debug|Any CPU
		Release|Any CPU = Release|Any CPU
	EndGlobalSection
	GlobalSection(ProjectConfigurationPlatforms) = postSolution
		{ED9FE12C-16E7-4C64-85D5-3E2F1483AFFB}.Debug|Any CPU.ActiveCfg = Debug|Any CPU
		{ED9FE12C-16E7-4C64-85D5-3E2F1483AFFB}.Debug|Any CPU.Build.0 = Debug|Any CPU
		{ED9FE12C-16E7-4C64-85D5-3E2F1483AFFB}.Release|Any CPU.ActiveCfg = Release|Any CPU
		{ED9FE12C-16E7-4C64-85D5-3E2F1483AFFB}.Release|Any CPU.Build.0 = Release|Any CPU
	EndGlobalSection
	GlobalSection(SolutionProperties) = preSolution
		HideSolutionNode = FALSE
	EndGlobalSection
	GlobalSection(ExtensibilityGlobals) = postSolution
		SolutionGuid = {82D2E744-A7E4-4E53-AFC8-BCB65BE27137}
	EndGlobalSection
EndGlobal
